
Microsoft Visual Studio Solution File, Format Version 12.00
# Visual Studio Version 16
VisualStudioVersion = 16.0.30128.74
MinimumVisualStudioVersion = 10.0.40219.1
Project("{FAE04EC0-301F-11D3-BF4B-00C04F79EFBC}") = "Gerenciamento_Empresas", "Gerenciamento_Empresas.csproj", "{E18516DD-4541-4520-B92F-6C7FA6B5BBC7}"
EndProject
Global
	GlobalSection(SolutionConfigurationPlatforms) = preSolution
		Debug|Any CPU = Debug|Any CPU
		Release|Any CPU = Release|Any CPU
	EndGlobalSection
	GlobalSection(ProjectConfigurationPlatforms) = postSolution
		{E18516DD-4541-4520-B92F-6C7FA6B5BBC7}.Debug|Any CPU.ActiveCfg = Debug|Any CPU
		{E18516DD-4541-4520-B92F-6C7FA6B5BBC7}.Debug|Any CPU.Build.0 = Debug|Any CPU
		{E18516DD-4541-4520-B92F-6C7FA6B5BBC7}.Release|Any CPU.ActiveCfg = Release|Any CPU
		{E18516DD-4541-4520-B92F-6C7FA6B5BBC7}.Release|Any CPU.Build.0 = Release|Any CPU
	EndGlobalSection
	GlobalSection(SolutionProperties) = preSolution
		HideSolutionNode = FALSE
	EndGlobalSection
	GlobalSection(ExtensibilityGlobals) = postSolution
		SolutionGuid = {25763B77-6689-40AA-BAFC-3A44F9370F76}
	EndGlobalSection
EndGlobal
